
Microsoft Visual Studio Solution File, Format Version 12.00
# Visual Studio Version 17
VisualStudioVersion = 17.8.34525.116
MinimumVisualStudioVersion = 10.0.40219.1
Project("{FAE04EC0-301F-11D3-BF4B-00C04F79EFBC}") = "Hulk", "Hulk\Hulk.csproj", "{EB7C3CC5-19FF-431C-A870-CAEE2108C6DD}"
EndProject
Global
	GlobalSection(SolutionConfigurationPlatforms) = preSolution
		Debug|Any CPU = Debug|Any CPU
		Release|Any CPU = Release|Any CPU
	EndGlobalSection
	GlobalSection(ProjectConfigurationPlatforms) = postSolution
		{EB7C3CC5-19FF-431C-A870-CAEE2108C6DD}.Debug|Any CPU.ActiveCfg = Debug|Any CPU
		{EB7C3CC5-19FF-431C-A870-CAEE2108C6DD}.Debug|Any CPU.Build.0 = Debug|Any CPU
		{EB7C3CC5-19FF-431C-A870-CAEE2108C6DD}.Release|Any CPU.ActiveCfg = Release|Any CPU
		{EB7C3CC5-19FF-431C-A870-CAEE2108C6DD}.Release|Any CPU.Build.0 = Release|Any CPU
	EndGlobalSection
	GlobalSection(SolutionProperties) = preSolution
		HideSolutionNode = FALSE
	EndGlobalSection
	GlobalSection(ExtensibilityGlobals) = postSolution
		SolutionGuid = {6646BA60-44BF-4579-9320-37171D3CD55B}
	EndGlobalSection
EndGlobal
